// !$*UTF8*$!
{
	archiveVersion = 1;
	classes = {
	};
	objectVersion = 48;
	objects = {

/* Begin PBXBuildFile section */
		542F1761207363AE0093A57F /* LWRecommendViewController.swift in Sources */ = {isa = PBXBuildFile; fileRef = 542F1760207363AE0093A57F /* LWRecommendViewController.swift */; };
		54D5E66F2071C845001CD691 /* Main.storyboard in Resources */ = {isa = PBXBuildFile; fileRef = 54D5E66D2071C845001CD691 /* Main.storyboard */; };
		54D5E6712071C845001CD691 /* Assets.xcassets in Resources */ = {isa = PBXBuildFile; fileRef = 54D5E6702071C845001CD691 /* Assets.xcassets */; };
		54D5E6742071C845001CD691 /* LaunchScreen.storyboard in Resources */ = {isa = PBXBuildFile; fileRef = 54D5E6722071C845001CD691 /* LaunchScreen.storyboard */; };
		54D5E6852071C9B9001CD691 /* AppDelegate.swift in Sources */ = {isa = PBXBuildFile; fileRef = 54D5E6812071C9B9001CD691 /* AppDelegate.swift */; };
		54D5E6862071C9B9001CD691 /* Info.plist in Resources */ = {isa = PBXBuildFile; fileRef = 54D5E6822071C9B9001CD691 /* Info.plist */; };
		54D5E6892071CAC6001CD691 /* Home.storyboard in Resources */ = {isa = PBXBuildFile; fileRef = 54D5E6872071CAC6001CD691 /* Home.storyboard */; };
		54D5E68C2071CB61001CD691 /* Live.storyboard in Resources */ = {isa = PBXBuildFile; fileRef = 54D5E68A2071CB61001CD691 /* Live.storyboard */; };
		54D5E68F2071CB72001CD691 /* Follow.storyboard in Resources */ = {isa = PBXBuildFile; fileRef = 54D5E68D2071CB72001CD691 /* Follow.storyboard */; };
		54D5E6922071CB82001CD691 /* Profile.storyboard in Resources */ = {isa = PBXBuildFile; fileRef = 54D5E6902071CB82001CD691 /* Profile.storyboard */; };
		54D5E6A52071D590001CD691 /* LWTabBarController.swift in Sources */ = {isa = PBXBuildFile; fileRef = 54D5E6A42071D590001CD691 /* LWTabBarController.swift */; };
		54D5E6BC2071D6D7001CD691 /* LWHomeViewController.swift in Sources */ = {isa = PBXBuildFile; fileRef = 54D5E6BB2071D6D7001CD691 /* LWHomeViewController.swift */; };
		54D5E6BF2071DC47001CD691 /* UIBarButtonItem-Extension.swift in Sources */ = {isa = PBXBuildFile; fileRef = 54D5E6BE2071DC47001CD691 /* UIBarButtonItem-Extension.swift */; };
		54D5E6C2207201DB001CD691 /* LWPageTitleView.swift in Sources */ = {isa = PBXBuildFile; fileRef = 54D5E6C1207201DB001CD691 /* LWPageTitleView.swift */; };
		54D5E6C4207206E9001CD691 /* Common.swift in Sources */ = {isa = PBXBuildFile; fileRef = 54D5E6C3207206E9001CD691 /* Common.swift */; };
		54D5E6C620721DE2001CD691 /* LWPageContentView.swift in Sources */ = {isa = PBXBuildFile; fileRef = 54D5E6C520721DE2001CD691 /* LWPageContentView.swift */; };
		54D5E6C82072219E001CD691 /* UIColor-Extension.swift in Sources */ = {isa = PBXBuildFile; fileRef = 54D5E6C72072219D001CD691 /* UIColor-Extension.swift */; };
/* End PBXBuildFile section */

/* Begin PBXFileReference section */
		542F1760207363AE0093A57F /* LWRecommendViewController.swift */ = {isa = PBXFileReference; lastKnownFileType = sourcecode.swift; path = LWRecommendViewController.swift; sourceTree = "<group>"; };
		54D5E6662071C845001CD691 /* DYZB.app */ = {isa = PBXFileReference; explicitFileType = wrapper.application; includeInIndex = 0; path = DYZB.app; sourceTree = BUILT_PRODUCTS_DIR; };
		54D5E66E2071C845001CD691 /* Base */ = {isa = PBXFileReference; lastKnownFileType = file.storyboard; name = Base; path = Base.lproj/Main.storyboard; sourceTree = "<group>"; };
		54D5E6702071C845001CD691 /* Assets.xcassets */ = {isa = PBXFileReference; lastKnownFileType = folder.assetcatalog; path = Assets.xcassets; sourceTree = "<group>"; };
		54D5E6732071C845001CD691 /* Base */ = {isa = PBXFileReference; lastKnownFileType = file.storyboard; name = Base; path = Base.lproj/LaunchScreen.storyboard; sourceTree = "<group>"; };
		54D5E6812071C9B9001CD691 /* AppDelegate.swift */ = {isa = PBXFileReference; fileEncoding = 4; lastKnownFileType = sourcecode.swift; path = AppDelegate.swift; sourceTree = "<group>"; };
		54D5E6822071C9B9001CD691 /* Info.plist */ = {isa = PBXFileReference; fileEncoding = 4; lastKnownFileType = text.plist.xml; path = Info.plist; sourceTree = "<group>"; };
		54D5E6882071CAC6001CD691 /* Base */ = {isa = PBXFileReference; lastKnownFileType = file.storyboard; name = Base; path = DYZB/Base.lproj/Home.storyboard; sourceTree = "<group>"; };
		54D5E68B2071CB61001CD691 /* Base */ = {isa = PBXFileReference; lastKnownFileType = file.storyboard; name = Base; path = DYZB/Base.lproj/Live.storyboard; sourceTree = "<group>"; };
		54D5E68E2071CB72001CD691 /* Base */ = {isa = PBXFileReference; lastKnownFileType = file.storyboard; name = Base; path = DYZB/Base.lproj/Follow.storyboard; sourceTree = "<group>"; };
		54D5E6912071CB82001CD691 /* Base */ = {isa = PBXFileReference; lastKnownFileType = file.storyboard; name = Base; path = DYZB/Base.lproj/Profile.storyboard; sourceTree = "<group>"; };
		54D5E6A42071D590001CD691 /* LWTabBarController.swift */ = {isa = PBXFileReference; fileEncoding = 4; lastKnownFileType = sourcecode.swift; path = LWTabBarController.swift; sourceTree = "<group>"; };
		54D5E6BB2071D6D7001CD691 /* LWHomeViewController.swift */ = {isa = PBXFileReference; lastKnownFileType = sourcecode.swift; path = LWHomeViewController.swift; sourceTree = "<group>"; };
		54D5E6BE2071DC47001CD691 /* UIBarButtonItem-Extension.swift */ = {isa = PBXFileReference; lastKnownFileType = sourcecode.swift; path = "UIBarButtonItem-Extension.swift"; sourceTree = "<group>"; };
		54D5E6C1207201DB001CD691 /* LWPageTitleView.swift */ = {isa = PBXFileReference; lastKnownFileType = sourcecode.swift; path = LWPageTitleView.swift; sourceTree = "<group>"; };
		54D5E6C3207206E9001CD691 /* Common.swift */ = {isa = PBXFileReference; lastKnownFileType = sourcecode.swift; path = Common.swift; sourceTree = "<group>"; };
		54D5E6C520721DE2001CD691 /* LWPageContentView.swift */ = {isa = PBXFileReference; lastKnownFileType = sourcecode.swift; path = LWPageContentView.swift; sourceTree = "<group>"; };
		54D5E6C72072219D001CD691 /* UIColor-Extension.swift */ = {isa = PBXFileReference; lastKnownFileType = sourcecode.swift; path = "UIColor-Extension.swift"; sourceTree = "<group>"; };
/* End PBXFileReference section */

/* Begin PBXFrameworksBuildPhase section */
		54D5E6632071C845001CD691 /* Frameworks */ = {
			isa = PBXFrameworksBuildPhase;
			buildActionMask = 2147483647;
			files = (
			);
			runOnlyForDeploymentPostprocessing = 0;
		};
/* End PBXFrameworksBuildPhase section */

/* Begin PBXGroup section */
		54D5E65D2071C845001CD691 = {
			isa = PBXGroup;
			children = (
				54D5E6682071C845001CD691 /* DYZB */,
				54D5E6672071C845001CD691 /* Products */,
			);
			sourceTree = "<group>";
		};
		54D5E6672071C845001CD691 /* Products */ = {
			isa = PBXGroup;
			children = (
				54D5E6662071C845001CD691 /* DYZB.app */,
			);
			name = Products;
			sourceTree = "<group>";
		};
		54D5E6682071C845001CD691 /* DYZB */ = {
			isa = PBXGroup;
			children = (
				54D5E67B2071C9B9001CD691 /* Classes */,
				54D5E6702071C845001CD691 /* Assets.xcassets */,
				54D5E6722071C845001CD691 /* LaunchScreen.storyboard */,
			);
			path = DYZB;
			sourceTree = "<group>";
		};
		54D5E67B2071C9B9001CD691 /* Classes */ = {
			isa = PBXGroup;
			children = (
				54D5E67F2071C9B9001CD691 /* Main */,
				54D5E67D2071C9B9001CD691 /* Home */,
				54D5E67E2071C9B9001CD691 /* Live */,
				54D5E67C2071C9B9001CD691 /* Follow */,
				54D5E6832071C9B9001CD691 /* Profile */,
				54D5E6842071C9B9001CD691 /* Tools */,
			);
			path = Classes;
			sourceTree = "<group>";
		};
		54D5E67C2071C9B9001CD691 /* Follow */ = {
			isa = PBXGroup;
			children = (
				54D5E6B12071D5D8001CD691 /* Model */,
				54D5E6B02071D5D8001CD691 /* View */,
				54D5E6AF2071D5D8001CD691 /* Controller */,
				54D5E68D2071CB72001CD691 /* Follow.storyboard */,
			);
			path = Follow;
			sourceTree = "<group>";
		};
		54D5E67D2071C9B9001CD691 /* Home */ = {
			isa = PBXGroup;
			children = (
				54D5E6A72071D5AB001CD691 /* Model */,
				54D5E6A82071D5AB001CD691 /* View */,
				54D5E6A62071D5AA001CD691 /* Controller */,
				54D5E6872071CAC6001CD691 /* Home.storyboard */,
			);
			path = Home;
			sourceTree = "<group>";
		};
		54D5E67E2071C9B9001CD691 /* Live */ = {
			isa = PBXGroup;
			children = (
				54D5E6AE2071D5C8001CD691 /* Model */,
				54D5E6AD2071D5C8001CD691 /* View */,
				54D5E6AC2071D5C8001CD691 /* Controller */,
				54D5E68A2071CB61001CD691 /* Live.storyboard */,
			);
			path = Live;
			sourceTree = "<group>";
		};
		54D5E67F2071C9B9001CD691 /* Main */ = {
			isa = PBXGroup;
			children = (
				54D5E66D2071C845001CD691 /* Main.storyboard */,
				54D5E6C0207201CA001CD691 /* View */,
				54D5E6A32071D590001CD691 /* Controller */,
				54D5E6802071C9B9001CD691 /* Other */,
			);
			path = Main;
			sourceTree = "<group>";
		};
		54D5E6802071C9B9001CD691 /* Other */ = {
			isa = PBXGroup;
			children = (
				54D5E6812071C9B9001CD691 /* AppDelegate.swift */,
				54D5E6822071C9B9001CD691 /* Info.plist */,
			);
			path = Other;
			sourceTree = "<group>";
		};
		54D5E6832071C9B9001CD691 /* Profile */ = {
			isa = PBXGroup;
			children = (
				54D5E6B82071D602001CD691 /* Model */,
				54D5E6BA2071D602001CD691 /* View */,
				54D5E6B92071D602001CD691 /* Controller */,
				54D5E6902071CB82001CD691 /* Profile.storyboard */,
			);
			path = Profile;
			sourceTree = "<group>";
		};
		54D5E6842071C9B9001CD691 /* Tools */ = {
			isa = PBXGroup;
			children = (
				54D5E6BD2071DBBB001CD691 /* Extension */,
				54D5E6C3207206E9001CD691 /* Common.swift */,
			);
			path = Tools;
			sourceTree = "<group>";
		};
		54D5E6A32071D590001CD691 /* Controller */ = {
			isa = PBXGroup;
			children = (
				54D5E6A42071D590001CD691 /* LWTabBarController.swift */,
			);
			path = Controller;
			sourceTree = "<group>";
		};
		54D5E6A62071D5AA001CD691 /* Controller */ = {
			isa = PBXGroup;
			children = (
				54D5E6BB2071D6D7001CD691 /* LWHomeViewController.swift */,
				542F1760207363AE0093A57F /* LWRecommendViewController.swift */,
			);
			path = Controller;
			sourceTree = "<group>";
		};
		54D5E6A72071D5AB001CD691 /* Model */ = {
			isa = PBXGroup;
			children = (
			);
			path = Model;
			sourceTree = "<group>";
		};
		54D5E6A82071D5AB001CD691 /* View */ = {
			isa = PBXGroup;
			children = (
			);
			path = View;
			sourceTree = "<group>";
		};
		54D5E6AC2071D5C8001CD691 /* Controller */ = {
			isa = PBXGroup;
			children = (
			);
			path = Controller;
			sourceTree = "<group>";
		};
		54D5E6AD2071D5C8001CD691 /* View */ = {
			isa = PBXGroup;
			children = (
			);
			path = View;
			sourceTree = "<group>";
		};
		54D5E6AE2071D5C8001CD691 /* Model */ = {
			isa = PBXGroup;
			children = (
			);
			path = Model;
			sourceTree = "<group>";
		};
		54D5E6AF2071D5D8001CD691 /* Controller */ = {
			isa = PBXGroup;
			children = (
			);
			path = Controller;
			sourceTree = "<group>";
		};
		54D5E6B02071D5D8001CD691 /* View */ = {
			isa = PBXGroup;
			children = (
			);
			path = View;
			sourceTree = "<group>";
		};
		54D5E6B12071D5D8001CD691 /* Model */ = {
			isa = PBXGroup;
			children = (
			);
			path = Model;
			sourceTree = "<group>";
		};
		54D5E6B82071D602001CD691 /* Model */ = {
			isa = PBXGroup;
			children = (
			);
			path = Model;
			sourceTree = "<group>";
		};
		54D5E6B92071D602001CD691 /* Controller */ = {
			isa = PBXGroup;
			children = (
			);
			path = Controller;
			sourceTree = "<group>";
		};
		54D5E6BA2071D602001CD691 /* View */ = {
			isa = PBXGroup;
			children = (
			);
			path = View;
			sourceTree = "<group>";
		};
		54D5E6BD2071DBBB001CD691 /* Extension */ = {
			isa = PBXGroup;
			children = (
				54D5E6BE2071DC47001CD691 /* UIBarButtonItem-Extension.swift */,
				54D5E6C72072219D001CD691 /* UIColor-Extension.swift */,
			);
			path = Extension;
			sourceTree = "<group>";
		};
		54D5E6C0207201CA001CD691 /* View */ = {
			isa = PBXGroup;
			children = (
				54D5E6C1207201DB001CD691 /* LWPageTitleView.swift */,
				54D5E6C520721DE2001CD691 /* LWPageContentView.swift */,
			);
			path = View;
			sourceTree = "<group>";
		};
/* End PBXGroup section */

/* Begin PBXNativeTarget section */
		54D5E6652071C845001CD691 /* DYZB */ = {
			isa = PBXNativeTarget;
			buildConfigurationList = 54D5E6782071C845001CD691 /* Build configuration list for PBXNativeTarget "DYZB" */;
			buildPhases = (
				54D5E6622071C845001CD691 /* Sources */,
				54D5E6632071C845001CD691 /* Frameworks */,
				54D5E6642071C845001CD691 /* Resources */,
			);
			buildRules = (
			);
			dependencies = (
			);
			name = DYZB;
			productName = DYZB;
			productReference = 54D5E6662071C845001CD691 /* DYZB.app */;
			productType = "com.apple.product-type.application";
		};
/* End PBXNativeTarget section */

/* Begin PBXProject section */
		54D5E65E2071C845001CD691 /* Project object */ = {
			isa = PBXProject;
			attributes = {
				LastSwiftUpdateCheck = 0920;
				LastUpgradeCheck = 0920;
				ORGANIZATIONNAME = "迪拜葱油王子";
				TargetAttributes = {
					54D5E6652071C845001CD691 = {
						CreatedOnToolsVersion = 9.2;
						ProvisioningStyle = Automatic;
					};
				};
			};
			buildConfigurationList = 54D5E6612071C845001CD691 /* Build configuration list for PBXProject "DYZB" */;
			compatibilityVersion = "Xcode 8.0";
			developmentRegion = en;
			hasScannedForEncodings = 0;
			knownRegions = (
				en,
				Base,
			);
			mainGroup = 54D5E65D2071C845001CD691;
			productRefGroup = 54D5E6672071C845001CD691 /* Products */;
			projectDirPath = "";
			projectRoot = "";
			targets = (
				54D5E6652071C845001CD691 /* DYZB */,
			);
		};
/* End PBXProject section */

/* Begin PBXResourcesBuildPhase section */
		54D5E6642071C845001CD691 /* Resources */ = {
			isa = PBXResourcesBuildPhase;
			buildActionMask = 2147483647;
			files = (
				54D5E6862071C9B9001CD691 /* Info.plist in Resources */,
				54D5E6892071CAC6001CD691 /* Home.storyboard in Resources */,
				54D5E6922071CB82001CD691 /* Profile.storyboard in Resources */,
				54D5E68C2071CB61001CD691 /* Live.storyboard in Resources */,
				54D5E6742071C845001CD691 /* LaunchScreen.storyboard in Resources */,
				54D5E68F2071CB72001CD691 /* Follow.storyboard in Resources */,
				54D5E6712071C845001CD691 /* Assets.xcassets in Resources */,
				54D5E66F2071C845001CD691 /* Main.storyboard in Resources */,
			);
			runOnlyForDeploymentPostprocessing = 0;
		};
/* End PBXResourcesBuildPhase section */

/* Begin PBXSourcesBuildPhase section */
		54D5E6622071C845001CD691 /* Sources */ = {
			isa = PBXSourcesBuildPhase;
			buildActionMask = 2147483647;
			files = (
				54D5E6BC2071D6D7001CD691 /* LWHomeViewController.swift in Sources */,
				54D5E6C82072219E001CD691 /* UIColor-Extension.swift in Sources */,
				54D5E6C2207201DB001CD691 /* LWPageTitleView.swift in Sources */,
				54D5E6A52071D590001CD691 /* LWTabBarController.swift in Sources */,
				54D5E6BF2071DC47001CD691 /* UIBarButtonItem-Extension.swift in Sources */,
				54D5E6C4207206E9001CD691 /* Common.swift in Sources */,
				542F1761207363AE0093A57F /* LWRecommendViewController.swift in Sources */,
				54D5E6C620721DE2001CD691 /* LWPageContentView.swift in Sources */,
				54D5E6852071C9B9001CD691 /* AppDelegate.swift in Sources */,
			);
			runOnlyForDeploymentPostprocessing = 0;
		};
/* End PBXSourcesBuildPhase section */

/* Begin PBXVariantGroup section */
		54D5E66D2071C845001CD691 /* Main.storyboard */ = {
			isa = PBXVariantGroup;
			children = (
				54D5E66E2071C845001CD691 /* Base */,
			);
			name = Main.storyboard;
			sourceTree = "<group>";
		};
		54D5E6722071C845001CD691 /* LaunchScreen.storyboard */ = {
			isa = PBXVariantGroup;
			children = (
				54D5E6732071C845001CD691 /* Base */,
			);
			name = LaunchScreen.storyboard;
			sourceTree = "<group>";
		};
		54D5E6872071CAC6001CD691 /* Home.storyboard */ = {
			isa = PBXVariantGroup;
			children = (
				54D5E6882071CAC6001CD691 /* Base */,
			);
			name = Home.storyboard;
			sourceTree = "<group>";
		};
		54D5E68A2071CB61001CD691 /* Live.storyboard */ = {
			isa = PBXVariantGroup;
			children = (
				54D5E68B2071CB61001CD691 /* Base */,
			);
			name = Live.storyboard;
			sourceTree = "<group>";
		};
		54D5E68D2071CB72001CD691 /* Follow.storyboard */ = {
			isa = PBXVariantGroup;
			children = (
				54D5E68E2071CB72001CD691 /* Base */,
			);
			name = Follow.storyboard;
			sourceTree = "<group>";
		};
		54D5E6902071CB82001CD691 /* Profile.storyboard */ = {
			isa = PBXVariantGroup;
			children = (
				54D5E6912071CB82001CD691 /* Base */,
			);
			name = Profile.storyboard;
			sourceTree = "<group>";
		};
/* End PBXVariantGroup section */

/* Begin XCBuildConfiguration section */
		54D5E6762071C845001CD691 /* Debug */ = {
			isa = XCBuildConfiguration;
			buildSettings = {
				ALWAYS_SEARCH_USER_PATHS = NO;
				CLANG_ANALYZER_NONNULL = YES;
				CLANG_ANALYZER_NUMBER_OBJECT_CONVERSION = YES_AGGRESSIVE;
				CLANG_CXX_LANGUAGE_STANDARD = "gnu++14";
				CLANG_CXX_LIBRARY = "libc++";
				CLANG_ENABLE_MODULES = YES;
				CLANG_ENABLE_OBJC_ARC = YES;
				CLANG_WARN_BLOCK_CAPTURE_AUTORELEASING = YES;
				CLANG_WARN_BOOL_CONVERSION = YES;
				CLANG_WARN_COMMA = YES;
				CLANG_WARN_CONSTANT_CONVERSION = YES;
				CLANG_WARN_DIRECT_OBJC_ISA_USAGE = YES_ERROR;
				CLANG_WARN_DOCUMENTATION_COMMENTS = YES;
				CLANG_WARN_EMPTY_BODY = YES;
				CLANG_WARN_ENUM_CONVERSION = YES;
				CLANG_WARN_INFINITE_RECURSION = YES;
				CLANG_WARN_INT_CONVERSION = YES;
				CLANG_WARN_NON_LITERAL_NULL_CONVERSION = YES;
				CLANG_WARN_OBJC_LITERAL_CONVERSION = YES;
				CLANG_WARN_OBJC_ROOT_CLASS = YES_ERROR;
				CLANG_WARN_RANGE_LOOP_ANALYSIS = YES;
				CLANG_WARN_STRICT_PROTOTYPES = YES;
				CLANG_WARN_SUSPICIOUS_MOVE = YES;
				CLANG_WARN_UNGUARDED_AVAILABILITY = YES_AGGRESSIVE;
				CLANG_WARN_UNREACHABLE_CODE = YES;
				CLANG_WARN__DUPLICATE_METHOD_MATCH = YES;
				CODE_SIGN_IDENTITY = "iPhone Developer";
				COPY_PHASE_STRIP = NO;
				DEBUG_INFORMATION_FORMAT = dwarf;
				ENABLE_STRICT_OBJC_MSGSEND = YES;
				ENABLE_TESTABILITY = YES;
				GCC_C_LANGUAGE_STANDARD = gnu11;
				GCC_DYNAMIC_NO_PIC = NO;
				GCC_NO_COMMON_BLOCKS = YES;
				GCC_OPTIMIZATION_LEVEL = 0;
				GCC_PREPROCESSOR_DEFINITIONS = (
					"DEBUG=1",
					"$(inherited)",
				);
				GCC_WARN_64_TO_32_BIT_CONVERSION = YES;
				GCC_WARN_ABOUT_RETURN_TYPE = YES_ERROR;
				GCC_WARN_UNDECLARED_SELECTOR = YES;
				GCC_WARN_UNINITIALIZED_AUTOS = YES_AGGRESSIVE;
				GCC_WARN_UNUSED_FUNCTION = YES;
				GCC_WARN_UNUSED_VARIABLE = YES;
				IPHONEOS_DEPLOYMENT_TARGET = 11.2;
				MTL_ENABLE_DEBUG_INFO = YES;
				ONLY_ACTIVE_ARCH = YES;
				SDKROOT = iphoneos;
				SWIFT_ACTIVE_COMPILATION_CONDITIONS = DEBUG;
				SWIFT_OPTIMIZATION_LEVEL = "-Onone";
			};
			name = Debug;
		};
		54D5E6772071C845001CD691 /* Release */ = {
			isa = XCBuildConfiguration;
			buildSettings = {
				ALWAYS_SEARCH_USER_PATHS = NO;
				CLANG_ANALYZER_NONNULL = YES;
				CLANG_ANALYZER_NUMBER_OBJECT_CONVERSION = YES_AGGRESSIVE;
				CLANG_CXX_LANGUAGE_STANDARD = "gnu++14";
				CLANG_CXX_LIBRARY = "libc++";
				CLANG_ENABLE_MODULES = YES;
				CLANG_ENABLE_OBJC_ARC = YES;
				CLANG_WARN_BLOCK_CAPTURE_AUTORELEASING = YES;
				CLANG_WARN_BOOL_CONVERSION = YES;
				CLANG_WARN_COMMA = YES;
				CLANG_WARN_CONSTANT_CONVERSION = YES;
				CLANG_WARN_DIRECT_OBJC_ISA_USAGE = YES_ERROR;
				CLANG_WARN_DOCUMENTATION_COMMENTS = YES;
				CLANG_WARN_EMPTY_BODY = YES;
				CLANG_WARN_ENUM_CONVERSION = YES;
				CLANG_WARN_INFINITE_RECURSION = YES;
				CLANG_WARN_INT_CONVERSION = YES;
				CLANG_WARN_NON_LITERAL_NULL_CONVERSION = YES;
				CLANG_WARN_OBJC_LITERAL_CONVERSION = YES;
				CLANG_WARN_OBJC_ROOT_CLASS = YES_ERROR;
				CLANG_WARN_RANGE_LOOP_ANALYSIS = YES;
				CLANG_WARN_STRICT_PROTOTYPES = YES;
				CLANG_WARN_SUSPICIOUS_MOVE = YES;
				CLANG_WARN_UNGUARDED_AVAILABILITY = YES_AGGRESSIVE;
				CLANG_WARN_UNREACHABLE_CODE = YES;
				CLANG_WARN__DUPLICATE_METHOD_MATCH = YES;
				CODE_SIGN_IDENTITY = "iPhone Developer";
				COPY_PHASE_STRIP = NO;
				DEBUG_INFORMATION_FORMAT = "dwarf-with-dsym";
				ENABLE_NS_ASSERTIONS = NO;
				ENABLE_STRICT_OBJC_MSGSEND = YES;
				GCC_C_LANGUAGE_STANDARD = gnu11;
				GCC_NO_COMMON_BLOCKS = YES;
				GCC_WARN_64_TO_32_BIT_CONVERSION = YES;
				GCC_WARN_ABOUT_RETURN_TYPE = YES_ERROR;
				GCC_WARN_UNDECLARED_SELECTOR = YES;
				GCC_WARN_UNINITIALIZED_AUTOS = YES_AGGRESSIVE;
				GCC_WARN_UNUSED_FUNCTION = YES;
				GCC_WARN_UNUSED_VARIABLE = YES;
				IPHONEOS_DEPLOYMENT_TARGET = 11.2;
				MTL_ENABLE_DEBUG_INFO = NO;
				SDKROOT = iphoneos;
				SWIFT_OPTIMIZATION_LEVEL = "-Owholemodule";
				VALIDATE_PRODUCT = YES;
			};
			name = Release;
		};
		54D5E6792071C845001CD691 /* Debug */ = {
			isa = XCBuildConfiguration;
			buildSettings = {
				ASSETCATALOG_COMPILER_APPICON_NAME = AppIcon;
				ASSETCATALOG_COMPILER_LAUNCHIMAGE_NAME = LaunchImage;
				CODE_SIGN_STYLE = Automatic;
				DEVELOPMENT_TEAM = 796DJH53UJ;
				INFOPLIST_FILE = "$(SRCROOT)/DYZB/Classes/Main/Other/Info.plist";
				IPHONEOS_DEPLOYMENT_TARGET = 9.0;
				LD_RUNPATH_SEARCH_PATHS = "$(inherited) @executable_path/Frameworks";
				PRODUCT_BUNDLE_IDENTIFIER = com.dibaicongyouwangzi.DYZB;
				PRODUCT_NAME = "$(TARGET_NAME)";
				SWIFT_VERSION = 4.0;
				TARGETED_DEVICE_FAMILY = "1,2";
			};
			name = Debug;
		};
		54D5E67A2071C845001CD691 /* Release */ = {
			isa = XCBuildConfiguration;
			buildSettings = {
				ASSETCATALOG_COMPILER_APPICON_NAME = AppIcon;
				ASSETCATALOG_COMPILER_LAUNCHIMAGE_NAME = LaunchImage;
				CODE_SIGN_STYLE = Automatic;
				DEVELOPMENT_TEAM = 796DJH53UJ;
				INFOPLIST_FILE = "$(SRCROOT)/DYZB/Classes/Main/Other/Info.plist";
				IPHONEOS_DEPLOYMENT_TARGET = 9.0;
				LD_RUNPATH_SEARCH_PATHS = "$(inherited) @executable_path/Frameworks";
				PRODUCT_BUNDLE_IDENTIFIER = com.dibaicongyouwangzi.DYZB;
				PRODUCT_NAME = "$(TARGET_NAME)";
				SWIFT_VERSION = 4.0;
				TARGETED_DEVICE_FAMILY = "1,2";
			};
			name = Release;
		};
/* End XCBuildConfiguration section */

/* Begin XCConfigurationList section */
		54D5E6612071C845001CD691 /* Build configuration list for PBXProject "DYZB" */ = {
			isa = XCConfigurationList;
			buildConfigurations = (
				54D5E6762071C845001CD691 /* Debug */,
				54D5E6772071C845001CD691 /* Release */,
			);
			defaultConfigurationIsVisible = 0;
			defaultConfigurationName = Release;
		};
		54D5E6782071C845001CD691 /* Build configuration list for PBXNativeTarget "DYZB" */ = {
			isa = XCConfigurationList;
			buildConfigurations = (
				54D5E6792071C845001CD691 /* Debug */,
				54D5E67A2071C845001CD691 /* Release */,
			);
			defaultConfigurationIsVisible = 0;
			defaultConfigurationName = Release;
		};
/* End XCConfigurationList section */
	};
	rootObject = 54D5E65E2071C845001CD691 /* Project object */;
}
